PODS:
  - AMPopover (1.1.4):
    - AMPopover/Resources (= 1.1.4)
  - AMPopover/Resources (1.1.4)

DEPENDENCIES:
  - AMPopover (from `../`)

EXTERNAL SOURCES:
  AMPopover:
    :path: "../"

SPEC CHECKSUMS:
  AMPopover: ec9b504628fab1a08d60376bd0b86b6e817c6b9d

PODFILE CHECKSUM: 582ac3258f8c46a34d45ead097aafd0ff2ee5063

COCOAPODS: 1.16.2
